<Solution>
  <Folder Name="/src/">
    <Project Path="src/WarpTalk.BillingService.API/WarpTalk.BillingService.API.csproj" />
    <Project Path="src/WarpTalk.BillingService.Application/WarpTalk.BillingService.Application.csproj" />
    <Project Path="src/WarpTalk.BillingService.Domain/WarpTalk.BillingService.Domain.csproj" />
    <Project Path="src/WarpTalk.BillingService.Infrastructure/WarpTalk.BillingService.Infrastructure.csproj" />
  </Folder>
</Solution>
